
Microsoft Visual Studio Solution File, Format Version 12.00
# Visual Studio Version 17
VisualStudioVersion = 17.5.33627.172
MinimumVisualStudioVersion = 10.0.40219.1
Project("{9A19103F-16F7-4668-BE54-9A1E7A4F7556}") = "Infrastructure.Tests", "Infrastructure.Tests\Infrastructure.Tests.csproj", "{5A211363-360C-4A12-B280-8CA512AD245C}"
EndProject
Global
	GlobalSection(SolutionConfigurationPlatforms) = preSolution
		Debug|Any CPU = Debug|Any CPU
		Release|Any CPU = Release|Any CPU
	EndGlobalSection
	GlobalSection(ProjectConfigurationPlatforms) = postSolution
		{5A211363-360C-4A12-B280-8CA512AD245C}.Debug|Any CPU.ActiveCfg = Debug|Any CPU
		{5A211363-360C-4A12-B280-8CA512AD245C}.Debug|Any CPU.Build.0 = Debug|Any CPU
		{5A211363-360C-4A12-B280-8CA512AD245C}.Release|Any CPU.ActiveCfg = Release|Any CPU
		{5A211363-360C-4A12-B280-8CA512AD245C}.Release|Any CPU.Build.0 = Release|Any CPU
	EndGlobalSection
	GlobalSection(SolutionProperties) = preSolution
		HideSolutionNode = FALSE
	EndGlobalSection
	GlobalSection(ExtensibilityGlobals) = postSolution
		SolutionGuid = {80D9F432-C95F-42F9-B8C8-7BFF2E35F171}
	EndGlobalSection
EndGlobal
