
Microsoft Visual Studio Solution File, Format Version 12.00
# Visual Studio Version 17
VisualStudioVersion = 17.5.33627.172
MinimumVisualStudioVersion = 10.0.40219.1
Project("{9A19103F-16F7-4668-BE54-9A1E7A4F7556}") = "Infrastructure.Tests", "Infrastructure.Tests\Infrastructure.Tests.csproj", "{5A211363-360C-4A12-B280-8CA512AD245C}"
EndProject
Project("{9A19103F-16F7-4668-BE54-9A1E7A4F7556}") = "Application", "Application\Application.csproj", "{B506690E-5F96-44E3-8E3F-228CD5CFA23B}"
EndProject
Project("{9A19103F-16F7-4668-BE54-9A1E7A4F7556}") = "Domain", "Domain\Domain.csproj", "{7904B26C-37D6-4274-B0F3-EAC6F62BC9DF}"
EndProject
Project("{2150E333-8FDC-42A3-9474-1A3956D46DE8}") = "Tests", "Tests", "{FF828524-B621-42C4-9F0C-7AC7B723A4A4}"
EndProject
Project("{2150E333-8FDC-42A3-9474-1A3956D46DE8}") = "Core", "Core", "{851BBE4D-C752-4CAE-85CD-3147A369947E}"
EndProject
Project("{9A19103F-16F7-4668-BE54-9A1E7A4F7556}") = "Application.Test", "Application.Test\Application.Test.csproj", "{F7F9EF82-D403-42BF-9724-784859A267C9}"
EndProject
Project("{2150E333-8FDC-42A3-9474-1A3956D46DE8}") = "Presentation", "Presentation", "{FE973195-55CA-4FAC-AD48-C37938AFAEB1}"
EndProject
Project("{FAE04EC0-301F-11D3-BF4B-00C04F79EFBC}") = "WebAPI", "WebAPI\WebAPI.csproj", "{6CC3A479-E4D4-492E-A692-F5722638B8FC}"
EndProject
Project("{2150E333-8FDC-42A3-9474-1A3956D46DE8}") = "Infrastructure", "Infrastructure", "{A8DA0143-BF11-4BC6-8ADE-ADF8B3DE1562}"
EndProject
Project("{FAE04EC0-301F-11D3-BF4B-00C04F79EFBC}") = "Persistence.Database", "Persistence.Database\Persistence.Database.csproj", "{A8FD88AC-9415-427D-ADC4-B57F8A4E559D}"
EndProject
Project("{FAE04EC0-301F-11D3-BF4B-00C04F79EFBC}") = "Persistence.BlobStorage", "Persistence.BlobStorage\Persistence.BlobStorage.csproj", "{8B873FF6-0DD4-4FBE-99CD-28BEB2AA5DB5}"
EndProject
Project("{FAE04EC0-301F-11D3-BF4B-00C04F79EFBC}") = "WebUI", "WebUI\WebUI.csproj", "{D1A0CB5F-EC10-41FC-9EBC-7FC8D28AFD2F}"
EndProject
Project("{E53339B2-1760-4266-BCC7-CA923CBCF16C}") = "docker-compose", "docker-compose.dcproj", "{6C990452-E049-44CE-A0F8-4F63308CD4DB}"
EndProject
Global
	GlobalSection(SolutionConfigurationPlatforms) = preSolution
		Debug|Any CPU = Debug|Any CPU
		Release|Any CPU = Release|Any CPU
	EndGlobalSection
	GlobalSection(ProjectConfigurationPlatforms) = postSolution
		{5A211363-360C-4A12-B280-8CA512AD245C}.Debug|Any CPU.ActiveCfg = Debug|Any CPU
		{5A211363-360C-4A12-B280-8CA512AD245C}.Debug|Any CPU.Build.0 = Debug|Any CPU
		{5A211363-360C-4A12-B280-8CA512AD245C}.Release|Any CPU.ActiveCfg = Release|Any CPU
		{5A211363-360C-4A12-B280-8CA512AD245C}.Release|Any CPU.Build.0 = Release|Any CPU
		{B506690E-5F96-44E3-8E3F-228CD5CFA23B}.Debug|Any CPU.ActiveCfg = Debug|Any CPU
		{B506690E-5F96-44E3-8E3F-228CD5CFA23B}.Debug|Any CPU.Build.0 = Debug|Any CPU
		{B506690E-5F96-44E3-8E3F-228CD5CFA23B}.Release|Any CPU.ActiveCfg = Release|Any CPU
		{B506690E-5F96-44E3-8E3F-228CD5CFA23B}.Release|Any CPU.Build.0 = Release|Any CPU
		{7904B26C-37D6-4274-B0F3-EAC6F62BC9DF}.Debug|Any CPU.ActiveCfg = Debug|Any CPU
		{7904B26C-37D6-4274-B0F3-EAC6F62BC9DF}.Debug|Any CPU.Build.0 = Debug|Any CPU
		{7904B26C-37D6-4274-B0F3-EAC6F62BC9DF}.Release|Any CPU.ActiveCfg = Release|Any CPU
		{7904B26C-37D6-4274-B0F3-EAC6F62BC9DF}.Release|Any CPU.Build.0 = Release|Any CPU
		{F7F9EF82-D403-42BF-9724-784859A267C9}.Debug|Any CPU.ActiveCfg = Debug|Any CPU
		{F7F9EF82-D403-42BF-9724-784859A267C9}.Debug|Any CPU.Build.0 = Debug|Any CPU
		{F7F9EF82-D403-42BF-9724-784859A267C9}.Release|Any CPU.ActiveCfg = Release|Any CPU
		{F7F9EF82-D403-42BF-9724-784859A267C9}.Release|Any CPU.Build.0 = Release|Any CPU
		{6CC3A479-E4D4-492E-A692-F5722638B8FC}.Debug|Any CPU.ActiveCfg = Debug|Any CPU
		{6CC3A479-E4D4-492E-A692-F5722638B8FC}.Debug|Any CPU.Build.0 = Debug|Any CPU
		{6CC3A479-E4D4-492E-A692-F5722638B8FC}.Release|Any CPU.ActiveCfg = Release|Any CPU
		{6CC3A479-E4D4-492E-A692-F5722638B8FC}.Release|Any CPU.Build.0 = Release|Any CPU
		{A8FD88AC-9415-427D-ADC4-B57F8A4E559D}.Debug|Any CPU.ActiveCfg = Debug|Any CPU
		{A8FD88AC-9415-427D-ADC4-B57F8A4E559D}.Debug|Any CPU.Build.0 = Debug|Any CPU
		{A8FD88AC-9415-427D-ADC4-B57F8A4E559D}.Release|Any CPU.ActiveCfg = Release|Any CPU
		{A8FD88AC-9415-427D-ADC4-B57F8A4E559D}.Release|Any CPU.Build.0 = Release|Any CPU
		{8B873FF6-0DD4-4FBE-99CD-28BEB2AA5DB5}.Debug|Any CPU.ActiveCfg = Debug|Any CPU
		{8B873FF6-0DD4-4FBE-99CD-28BEB2AA5DB5}.Debug|Any CPU.Build.0 = Debug|Any CPU
		{8B873FF6-0DD4-4FBE-99CD-28BEB2AA5DB5}.Release|Any CPU.ActiveCfg = Release|Any CPU
		{8B873FF6-0DD4-4FBE-99CD-28BEB2AA5DB5}.Release|Any CPU.Build.0 = Release|Any CPU
		{D1A0CB5F-EC10-41FC-9EBC-7FC8D28AFD2F}.Debug|Any CPU.ActiveCfg = Debug|Any CPU
		{D1A0CB5F-EC10-41FC-9EBC-7FC8D28AFD2F}.Debug|Any CPU.Build.0 = Debug|Any CPU
		{D1A0CB5F-EC10-41FC-9EBC-7FC8D28AFD2F}.Release|Any CPU.ActiveCfg = Release|Any CPU
		{D1A0CB5F-EC10-41FC-9EBC-7FC8D28AFD2F}.Release|Any CPU.Build.0 = Release|Any CPU
		{6C990452-E049-44CE-A0F8-4F63308CD4DB}.Debug|Any CPU.ActiveCfg = Debug|Any CPU
		{6C990452-E049-44CE-A0F8-4F63308CD4DB}.Debug|Any CPU.Build.0 = Debug|Any CPU
		{6C990452-E049-44CE-A0F8-4F63308CD4DB}.Release|Any CPU.ActiveCfg = Release|Any CPU
		{6C990452-E049-44CE-A0F8-4F63308CD4DB}.Release|Any CPU.Build.0 = Release|Any CPU
	EndGlobalSection
	GlobalSection(SolutionProperties) = preSolution
		HideSolutionNode = FALSE
	EndGlobalSection
	GlobalSection(NestedProjects) = preSolution
		{5A211363-360C-4A12-B280-8CA512AD245C} = {FF828524-B621-42C4-9F0C-7AC7B723A4A4}
		{B506690E-5F96-44E3-8E3F-228CD5CFA23B} = {851BBE4D-C752-4CAE-85CD-3147A369947E}
		{7904B26C-37D6-4274-B0F3-EAC6F62BC9DF} = {851BBE4D-C752-4CAE-85CD-3147A369947E}
		{F7F9EF82-D403-42BF-9724-784859A267C9} = {FF828524-B621-42C4-9F0C-7AC7B723A4A4}
		{6CC3A479-E4D4-492E-A692-F5722638B8FC} = {FE973195-55CA-4FAC-AD48-C37938AFAEB1}
		{A8FD88AC-9415-427D-ADC4-B57F8A4E559D} = {A8DA0143-BF11-4BC6-8ADE-ADF8B3DE1562}
		{8B873FF6-0DD4-4FBE-99CD-28BEB2AA5DB5} = {A8DA0143-BF11-4BC6-8ADE-ADF8B3DE1562}
		{D1A0CB5F-EC10-41FC-9EBC-7FC8D28AFD2F} = {FE973195-55CA-4FAC-AD48-C37938AFAEB1}
	EndGlobalSection
	GlobalSection(ExtensibilityGlobals) = postSolution
		SolutionGuid = {80D9F432-C95F-42F9-B8C8-7BFF2E35F171}
	EndGlobalSection
EndGlobal
